
Microsoft Visual Studio Solution File, Format Version 12.00
# Visual Studio 2013
VisualStudioVersion = 12.0.31101.0
MinimumVisualStudioVersion = 10.0.40219.1
Project("{FAE04EC0-301F-11D3-BF4B-00C04F79EFBC}") = "UvodniDemo", "UvodniDemo\UvodniDemo.csproj", "{DE0FFE2F-1242-45C6-9A36-F1C1B8A37B45}"
EndProject
Global
	GlobalSection(SolutionConfigurationPlatforms) = preSolution
		Debug|Any CPU = Debug|Any CPU
		Release|Any CPU = Release|Any CPU
	EndGlobalSection
	GlobalSection(ProjectConfigurationPlatforms) = postSolution
		{DE0FFE2F-1242-45C6-9A36-F1C1B8A37B45}.Debug|Any CPU.ActiveCfg = Debug|Any CPU
		{DE0FFE2F-1242-45C6-9A36-F1C1B8A37B45}.Debug|Any CPU.Build.0 = Debug|Any CPU
		{DE0FFE2F-1242-45C6-9A36-F1C1B8A37B45}.Release|Any CPU.ActiveCfg = Release|Any CPU
		{DE0FFE2F-1242-45C6-9A36-F1C1B8A37B45}.Release|Any CPU.Build.0 = Release|Any CPU
	EndGlobalSection
	GlobalSection(SolutionProperties) = preSolution
		HideSolutionNode = FALSE
	EndGlobalSection
EndGlobal
