
Microsoft Visual Studio Solution File, Format Version 12.00
# Visual Studio 2013
VisualStudioVersion = 12.0.30723.0
MinimumVisualStudioVersion = 10.0.40219.1
Project("{FAE04EC0-301F-11D3-BF4B-00C04F79EFBC}") = "RenderingViews", "RenderingViews\RenderingViews.csproj", "{47DF46E9-ED7C-4201-93AA-BF7D3CC0A45E}"
EndProject
Global
	GlobalSection(SolutionConfigurationPlatforms) = preSolution
		Debug|Any CPU = Debug|Any CPU
		Release|Any CPU = Release|Any CPU
	EndGlobalSection
	GlobalSection(ProjectConfigurationPlatforms) = postSolution
		{47DF46E9-ED7C-4201-93AA-BF7D3CC0A45E}.Debug|Any CPU.ActiveCfg = Debug|Any CPU
		{47DF46E9-ED7C-4201-93AA-BF7D3CC0A45E}.Debug|Any CPU.Build.0 = Debug|Any CPU
		{47DF46E9-ED7C-4201-93AA-BF7D3CC0A45E}.Release|Any CPU.ActiveCfg = Release|Any CPU
		{47DF46E9-ED7C-4201-93AA-BF7D3CC0A45E}.Release|Any CPU.Build.0 = Release|Any CPU
	EndGlobalSection
	GlobalSection(SolutionProperties) = preSolution
		HideSolutionNode = FALSE
	EndGlobalSection
EndGlobal
